{
  "_meta": {
    "hash": {
      "sha256": "xxx"
    },
    "pipfile-spec": 6,
    "requires": {
      "python_version": "3.9"
    }
  },
  "default": {
    "requests": {
      "version": "==2.28.0",
      "hashes": [
        "sha256:xxx"
      ]
    },
    "django": {
      "version": "==3.2.0",
      "hashes": [
        "sha256:yyy"
      ]
    }
  },
  "develop": {
    "pytest": {
      "version": "==7.0.0",
      "hashes": [
        "sha256:zzz"
      ]
    }
  }
}